
Microsoft Visual Studio Solution File, Format Version 12.00
# Visual Studio 15
Project("{FAE04EC0-301F-11D3-BF4B-00C04F79EFBC}") = "Assembly-CSharp", "Assembly-CSharp.csproj", "{C05D15AA-5686-ED5F-EF81-A059583C3CE2}"
EndProject
Project("{FAE04EC0-301F-11D3-BF4B-00C04F79EFBC}") = "PhotonUnityNetworking.Utilities", "PhotonUnityNetworking.Utilities.csproj", "{5E4636A9-8D8B-FE03-82A8-A545BAAA1761}"
EndProject
Project("{FAE04EC0-301F-11D3-BF4B-00C04F79EFBC}") = "PhotonChat", "PhotonChat.csproj", "{F4B6CAA8-DE09-FEAA-9276-0987027F1AD3}"
EndProject
Project("{FAE04EC0-301F-11D3-BF4B-00C04F79EFBC}") = "PhotonUnityNetworking", "PhotonUnityNetworking.csproj", "{76BB36F0-B733-1F11-30F9-F1D27477B2FB}"
EndProject
Project("{FAE04EC0-301F-11D3-BF4B-00C04F79EFBC}") = "PhotonRealtime", "PhotonRealtime.csproj", "{68B6FC13-D296-E07F-5340-60C7DAB2FD60}"
EndProject
Project("{FAE04EC0-301F-11D3-BF4B-00C04F79EFBC}") = "PhotonUnityNetworking.Editor", "PhotonUnityNetworking.Editor.csproj", "{2D5FBB50-CA9C-0D62-9E5D-70AA3882F844}"
EndProject
Project("{FAE04EC0-301F-11D3-BF4B-00C04F79EFBC}") = "PhotonUnityNetworking.Utilities.PhotonPlayer.Editor", "PhotonUnityNetworking.Utilities.PhotonPlayer.Editor.csproj", "{19C7E74E-85E2-29BA-6DE9-D4A75F1D7777}"
EndProject
Project("{FAE04EC0-301F-11D3-BF4B-00C04F79EFBC}") = "PhotonUnityNetworking.Utilities.Culling.Editor", "PhotonUnityNetworking.Utilities.Culling.Editor.csproj", "{122994F7-97FE-8593-F889-5D48B64DA90B}"
EndProject
Global
	GlobalSection(SolutionConfigurationPlatforms) = preSolution
		Debug|Any CPU = Debug|Any CPU
		Release|Any CPU = Release|Any CPU
	EndGlobalSection
	GlobalSection(ProjectConfigurationPlatforms) = postSolution
		{C05D15AA-5686-ED5F-EF81-A059583C3CE2}.Debug|Any CPU.ActiveCfg = Debug|Any CPU
		{C05D15AA-5686-ED5F-EF81-A059583C3CE2}.Debug|Any CPU.Build.0 = Debug|Any CPU
		{C05D15AA-5686-ED5F-EF81-A059583C3CE2}.Release|Any CPU.ActiveCfg = Release|Any CPU
		{C05D15AA-5686-ED5F-EF81-A059583C3CE2}.Release|Any CPU.Build.0 = Release|Any CPU
		{5E4636A9-8D8B-FE03-82A8-A545BAAA1761}.Debug|Any CPU.ActiveCfg = Debug|Any CPU
		{5E4636A9-8D8B-FE03-82A8-A545BAAA1761}.Debug|Any CPU.Build.0 = Debug|Any CPU
		{5E4636A9-8D8B-FE03-82A8-A545BAAA1761}.Release|Any CPU.ActiveCfg = Release|Any CPU
		{5E4636A9-8D8B-FE03-82A8-A545BAAA1761}.Release|Any CPU.Build.0 = Release|Any CPU
		{F4B6CAA8-DE09-FEAA-9276-0987027F1AD3}.Debug|Any CPU.ActiveCfg = Debug|Any CPU
		{F4B6CAA8-DE09-FEAA-9276-0987027F1AD3}.Debug|Any CPU.Build.0 = Debug|Any CPU
		{F4B6CAA8-DE09-FEAA-9276-0987027F1AD3}.Release|Any CPU.ActiveCfg = Release|Any CPU
		{F4B6CAA8-DE09-FEAA-9276-0987027F1AD3}.Release|Any CPU.Build.0 = Release|Any CPU
		{76BB36F0-B733-1F11-30F9-F1D27477B2FB}.Debug|Any CPU.ActiveCfg = Debug|Any CPU
		{76BB36F0-B733-1F11-30F9-F1D27477B2FB}.Debug|Any CPU.Build.0 = Debug|Any CPU
		{76BB36F0-B733-1F11-30F9-F1D27477B2FB}.Release|Any CPU.ActiveCfg = Release|Any CPU
		{76BB36F0-B733-1F11-30F9-F1D27477B2FB}.Release|Any CPU.Build.0 = Release|Any CPU
		{68B6FC13-D296-E07F-5340-60C7DAB2FD60}.Debug|Any CPU.ActiveCfg = Debug|Any CPU
		{68B6FC13-D296-E07F-5340-60C7DAB2FD60}.Debug|Any CPU.Build.0 = Debug|Any CPU
		{68B6FC13-D296-E07F-5340-60C7DAB2FD60}.Release|Any CPU.ActiveCfg = Release|Any CPU
		{68B6FC13-D296-E07F-5340-60C7DAB2FD60}.Release|Any CPU.Build.0 = Release|Any CPU
		{2D5FBB50-CA9C-0D62-9E5D-70AA3882F844}.Debug|Any CPU.ActiveCfg = Debug|Any CPU
		{2D5FBB50-CA9C-0D62-9E5D-70AA3882F844}.Debug|Any CPU.Build.0 = Debug|Any CPU
		{2D5FBB50-CA9C-0D62-9E5D-70AA3882F844}.Release|Any CPU.ActiveCfg = Release|Any CPU
		{2D5FBB50-CA9C-0D62-9E5D-70AA3882F844}.Release|Any CPU.Build.0 = Release|Any CPU
		{19C7E74E-85E2-29BA-6DE9-D4A75F1D7777}.Debug|Any CPU.ActiveCfg = Debug|Any CPU
		{19C7E74E-85E2-29BA-6DE9-D4A75F1D7777}.Debug|Any CPU.Build.0 = Debug|Any CPU
		{19C7E74E-85E2-29BA-6DE9-D4A75F1D7777}.Release|Any CPU.ActiveCfg = Release|Any CPU
		{19C7E74E-85E2-29BA-6DE9-D4A75F1D7777}.Release|Any CPU.Build.0 = Release|Any CPU
		{122994F7-97FE-8593-F889-5D48B64DA90B}.Debug|Any CPU.ActiveCfg = Debug|Any CPU
		{122994F7-97FE-8593-F889-5D48B64DA90B}.Debug|Any CPU.Build.0 = Debug|Any CPU
		{122994F7-97FE-8593-F889-5D48B64DA90B}.Release|Any CPU.ActiveCfg = Release|Any CPU
		{122994F7-97FE-8593-F889-5D48B64DA90B}.Release|Any CPU.Build.0 = Release|Any CPU
	EndGlobalSection
	GlobalSection(SolutionProperties) = preSolution
		HideSolutionNode = FALSE
	EndGlobalSection
EndGlobal
